
Microsoft Visual Studio Solution File, Format Version 12.00
# Visual Studio Version 17
VisualStudioVersion = 17.0.31903.59
MinimumVisualStudioVersion = 10.0.40219.1
Project("{FAE04EC0-301F-11D3-BF4B-00C04F79EFBC}") = "EmployeePayrollUsingREST_API", "EmployeePayrollUsingREST_API.csproj", "{710818FE-7D2C-494A-9C2E-A81C3AC61C57}"
EndProject
Global
	GlobalSection(SolutionConfigurationPlatforms) = preSolution
		Debug|Any CPU = Debug|Any CPU
		Release|Any CPU = Release|Any CPU
	EndGlobalSection
	GlobalSection(ProjectConfigurationPlatforms) = postSolution
		{710818FE-7D2C-494A-9C2E-A81C3AC61C57}.Debug|Any CPU.ActiveCfg = Debug|Any CPU
		{710818FE-7D2C-494A-9C2E-A81C3AC61C57}.Debug|Any CPU.Build.0 = Debug|Any CPU
		{710818FE-7D2C-494A-9C2E-A81C3AC61C57}.Release|Any CPU.ActiveCfg = Release|Any CPU
		{710818FE-7D2C-494A-9C2E-A81C3AC61C57}.Release|Any CPU.Build.0 = Release|Any CPU
	EndGlobalSection
	GlobalSection(SolutionProperties) = preSolution
		HideSolutionNode = FALSE
	EndGlobalSection
	GlobalSection(ExtensibilityGlobals) = postSolution
		SolutionGuid = {2D99826D-56A3-4282-B76C-855CDD0A53E1}
	EndGlobalSection
EndGlobal
